
Microsoft Visual Studio Solution File, Format Version 12.00
# Visual Studio 2015
Project("{FAE04EC0-301F-11D3-BF4B-00C04F79EFBC}") = "Ludum Dare 41", "Ludum Dare 41.csproj", "{DB959528-644C-15BF-A460-CC9023EFBD39}"
EndProject
Global
	GlobalSection(SolutionConfigurationPlatforms) = preSolution
		Debug|Any CPU = Debug|Any CPU
		Release|Any CPU = Release|Any CPU
	EndGlobalSection
	GlobalSection(ProjectConfigurationPlatforms) = postSolution
		{DB959528-644C-15BF-A460-CC9023EFBD39}.Debug|Any CPU.ActiveCfg = Debug|Any CPU
		{DB959528-644C-15BF-A460-CC9023EFBD39}.Debug|Any CPU.Build.0 = Debug|Any CPU
		{DB959528-644C-15BF-A460-CC9023EFBD39}.Release|Any CPU.ActiveCfg = Release|Any CPU
		{DB959528-644C-15BF-A460-CC9023EFBD39}.Release|Any CPU.Build.0 = Release|Any CPU
	EndGlobalSection
	GlobalSection(SolutionProperties) = preSolution
		HideSolutionNode = FALSE
	EndGlobalSection
EndGlobal
